// !$*UTF8*$!
{
	archiveVersion = 1;
	classes = {
	};
	objectVersion = 46;
	objects = {

/* Begin PBXBuildFile section */
		460F65FA133AE515001F7BF3 /* NSObject+JSON.m in Sources */ = {isa = PBXBuildFile; fileRef = 460F65E9133AE514001F7BF3 /* NSObject+JSON.m */; };
		460F65FB133AE515001F7BF3 /* SBJsonParser.m in Sources */ = {isa = PBXBuildFile; fileRef = 460F65EB133AE514001F7BF3 /* SBJsonParser.m */; };
		460F65FC133AE515001F7BF3 /* SBJsonStreamParser.m in Sources */ = {isa = PBXBuildFile; fileRef = 460F65ED133AE514001F7BF3 /* SBJsonStreamParser.m */; };
		460F65FD133AE515001F7BF3 /* SBJsonStreamParserAdapter.m in Sources */ = {isa = PBXBuildFile; fileRef = 460F65EF133AE514001F7BF3 /* SBJsonStreamParserAdapter.m */; };
		460F65FE133AE515001F7BF3 /* SBJsonStreamParserState.m in Sources */ = {isa = PBXBuildFile; fileRef = 460F65F1133AE514001F7BF3 /* SBJsonStreamParserState.m */; };
		460F65FF133AE515001F7BF3 /* SBJsonStreamWriter.m in Sources */ = {isa = PBXBuildFile; fileRef = 460F65F3133AE514001F7BF3 /* SBJsonStreamWriter.m */; };
		460F6600133AE515001F7BF3 /* SBJsonStreamWriterState.m in Sources */ = {isa = PBXBuildFile; fileRef = 460F65F5133AE514001F7BF3 /* SBJsonStreamWriterState.m */; };
		460F6601133AE515001F7BF3 /* SBJsonTokeniser.m in Sources */ = {isa = PBXBuildFile; fileRef = 460F65F7133AE514001F7BF3 /* SBJsonTokeniser.m */; };
		460F6602133AE515001F7BF3 /* SBJsonWriter.m in Sources */ = {isa = PBXBuildFile; fileRef = 460F65F9133AE514001F7BF3 /* SBJsonWriter.m */; };
		4612C2CF13C46D4900F40230 /* TQTLoginRequest.m in Sources */ = {isa = PBXBuildFile; fileRef = 4612C2CE13C46D4900F40230 /* TQTLoginRequest.m */; };
		461B961813E8F3AF003EB493 /* SideSearch.png in Resources */ = {isa = PBXBuildFile; fileRef = 461B961713E8F3AF003EB493 /* SideSearch.png */; };
		461B961E13E91E08003EB493 /* TQTHeadImageCell.m in Sources */ = {isa = PBXBuildFile; fileRef = 461B961D13E91E08003EB493 /* TQTHeadImageCell.m */; };
		461B962413E94495003EB493 /* TQTWeiboDetailController.m in Sources */ = {isa = PBXBuildFile; fileRef = 461B962313E94495003EB493 /* TQTWeiboDetailController.m */; };
		461B962613E944ED003EB493 /* TQTWeiboWindowController.xib in Resources */ = {isa = PBXBuildFile; fileRef = 461B962513E944ED003EB493 /* TQTWeiboWindowController.xib */; };
		46367A1513CA99B5007C0C69 /* TQTUserRequest.m in Sources */ = {isa = PBXBuildFile; fileRef = 46367A1413CA99B5007C0C69 /* TQTUserRequest.m */; };
		463E523C13E7FFD200BD8D45 /* refresh.png in Resources */ = {isa = PBXBuildFile; fileRef = 463E523B13E7FFD200BD8D45 /* refresh.png */; };
		46955D9013CB02190016F079 /* TQTRootWindowController.xib in Resources */ = {isa = PBXBuildFile; fileRef = 46955D8F13CB02190016F079 /* TQTRootWindowController.xib */; };
		46955D9313CB02820016F079 /* TQTRootWindowController.m in Sources */ = {isa = PBXBuildFile; fileRef = 46955D9213CB02820016F079 /* TQTRootWindowController.m */; };
		46A0D7ED13D7D35200B5E0DA /* TQTPostWeiboWindow.xib in Resources */ = {isa = PBXBuildFile; fileRef = 46A0D7EC13D7D35100B5E0DA /* TQTPostWeiboWindow.xib */; };
		46A0D7F013D7D3CC00B5E0DA /* TQTPostWeiboWindowController.m in Sources */ = {isa = PBXBuildFile; fileRef = 46A0D7EF13D7D3CC00B5E0DA /* TQTPostWeiboWindowController.m */; };
		46A9D3C513E68514008E3FB3 /* headmask.png in Resources */ = {isa = PBXBuildFile; fileRef = 46A9D3C313E68514008E3FB3 /* headmask.png */; };
		46A9D3C613E68514008E3FB3 /* headmaskhi.png in Resources */ = {isa = PBXBuildFile; fileRef = 46A9D3C413E68514008E3FB3 /* headmaskhi.png */; };
		46C11B07133C9C0E00315B6C /* TQTWeiBo.m in Sources */ = {isa = PBXBuildFile; fileRef = 46C11B06133C9C0E00315B6C /* TQTWeiBo.m */; };
		46D3B192134EFB150045F492 /* TQTUser.m in Sources */ = {isa = PBXBuildFile; fileRef = 46D3B191134EFB150045F492 /* TQTUser.m */; };
		46DACB4613CD8208004EC2D4 /* TQTWeiBoTableViewController.m in Sources */ = {isa = PBXBuildFile; fileRef = 46DACB4413CD8208004EC2D4 /* TQTWeiBoTableViewController.m */; };
		46DACB4713CD8208004EC2D4 /* TQTWeiBoTableViewController.xib in Resources */ = {isa = PBXBuildFile; fileRef = 46DACB4513CD8208004EC2D4 /* TQTWeiBoTableViewController.xib */; };
		46DACB4A13CD8327004EC2D4 /* TQTWeiboCell.m in Sources */ = {isa = PBXBuildFile; fileRef = 46DACB4913CD8327004EC2D4 /* TQTWeiboCell.m */; };
		46DACB4C13CD843E004EC2D4 /* TQTWeiboCell.xib in Resources */ = {isa = PBXBuildFile; fileRef = 46DACB4B13CD843E004EC2D4 /* TQTWeiboCell.xib */; };
		46DACB4F13CD8701004EC2D4 /* TQTWeiboRequest.m in Sources */ = {isa = PBXBuildFile; fileRef = 46DACB4E13CD8701004EC2D4 /* TQTWeiboRequest.m */; };
		46DF1DFA13E7A07800E9362D /* NSImage+TQTMask.m in Sources */ = {isa = PBXBuildFile; fileRef = 46DF1DF913E7A07800E9362D /* NSImage+TQTMask.m */; };
		46DF1DFC13E7A37C00E9362D /* SideTweets.png in Resources */ = {isa = PBXBuildFile; fileRef = 46DF1DFB13E7A37C00E9362D /* SideTweets.png */; };
		46DF1DFE13E7A40300E9362D /* newStatus.png in Resources */ = {isa = PBXBuildFile; fileRef = 46DF1DFD13E7A40300E9362D /* newStatus.png */; };
		46F26FEA13FA0CDD009CFB96 /* TQTSliderWindow.m in Sources */ = {isa = PBXBuildFile; fileRef = 46F26FE913FA0CDD009CFB96 /* TQTSliderWindow.m */; };
		46F610411339BD92005B2D29 /* Cocoa.framework in Frameworks */ = {isa = PBXBuildFile; fileRef = 46F610401339BD92005B2D29 /* Cocoa.framework */; };
		46F6104B1339BD92005B2D29 /* InfoPlist.strings in Resources */ = {isa = PBXBuildFile; fileRef = 46F610491339BD92005B2D29 /* InfoPlist.strings */; };
		46F6104E1339BD92005B2D29 /* main.m in Sources */ = {isa = PBXBuildFile; fileRef = 46F6104D1339BD92005B2D29 /* main.m */; };
		46F610511339BD92005B2D29 /* Credits.rtf in Resources */ = {isa = PBXBuildFile; fileRef = 46F6104F1339BD92005B2D29 /* Credits.rtf */; };
		46F610541339BD92005B2D29 /* TQTAppDelegate.m in Sources */ = {isa = PBXBuildFile; fileRef = 46F610531339BD92005B2D29 /* TQTAppDelegate.m */; };
		46F610571339BD93005B2D29 /* MainMenu.xib in Resources */ = {isa = PBXBuildFile; fileRef = 46F610551339BD93005B2D29 /* MainMenu.xib */; };
		46F610DB1339BE5B005B2D29 /* QOauth.m in Sources */ = {isa = PBXBuildFile; fileRef = 46F610D81339BE5B005B2D29 /* QOauth.m */; };
		46F610DC1339BE5B005B2D29 /* QOauthKey.m in Sources */ = {isa = PBXBuildFile; fileRef = 46F610DA1339BE5B005B2D29 /* QOauthKey.m */; };
		46F610E31339BE77005B2D29 /* NSData+QBase64.m in Sources */ = {isa = PBXBuildFile; fileRef = 46F610DE1339BE77005B2D29 /* NSData+QBase64.m */; };
		46F610E41339BE77005B2D29 /* NSString+QEncoding.m in Sources */ = {isa = PBXBuildFile; fileRef = 46F610E01339BE77005B2D29 /* NSString+QEncoding.m */; };
		46F610E51339BE77005B2D29 /* NSURL+QAdditions.m in Sources */ = {isa = PBXBuildFile; fileRef = 46F610E21339BE77005B2D29 /* NSURL+QAdditions.m */; };
		46F610EE1339BE82005B2D29 /* QAsyncHttp.m in Sources */ = {isa = PBXBuildFile; fileRef = 46F610E71339BE82005B2D29 /* QAsyncHttp.m */; };
		46F610EF1339BE82005B2D29 /* QMutableURLRequest.m in Sources */ = {isa = PBXBuildFile; fileRef = 46F610E91339BE82005B2D29 /* QMutableURLRequest.m */; };
		46F610F01339BE82005B2D29 /* QSyncHttp.m in Sources */ = {isa = PBXBuildFile; fileRef = 46F610EB1339BE82005B2D29 /* QSyncHttp.m */; };
		46F610F11339BE82005B2D29 /* QWeiboRequest.m in Sources */ = {isa = PBXBuildFile; fileRef = 46F610ED1339BE82005B2D29 /* QWeiboRequest.m */; };
		46F610F31339D297005B2D29 /* WebKit.framework in Frameworks */ = {isa = PBXBuildFile; fileRef = 46F610F21339D297005B2D29 /* WebKit.framework */; };
/* End PBXBuildFile section */

/* Begin PBXFileReference section */
		460F65E7133AE514001F7BF3 /* JSON.h */ = {isa = PBXFileReference; fileEncoding = 4; lastKnownFileType = sourcecode.c.h; path = JSON.h; sourceTree = "<group>"; };
		460F65E8133AE514001F7BF3 /* NSObject+JSON.h */ = {isa = PBXFileReference; fileEncoding = 4; lastKnownFileType = sourcecode.c.h; path = "NSObject+JSON.h"; sourceTree = "<group>"; };
		460F65E9133AE514001F7BF3 /* NSObject+JSON.m */ = {isa = PBXFileReference; fileEncoding = 4; lastKnownFileType = sourcecode.c.objc; path = "NSObject+JSON.m"; sourceTree = "<group>"; };
		460F65EA133AE514001F7BF3 /* SBJsonParser.h */ = {isa = PBXFileReference; fileEncoding = 4; lastKnownFileType = sourcecode.c.h; path = SBJsonParser.h; sourceTree = "<group>"; };
		460F65EB133AE514001F7BF3 /* SBJsonParser.m */ = {isa = PBXFileReference; fileEncoding = 4; lastKnownFileType = sourcecode.c.objc; path = SBJsonParser.m; sourceTree = "<group>"; };
		460F65EC133AE514001F7BF3 /* SBJsonStreamParser.h */ = {isa = PBXFileReference; fileEncoding = 4; lastKnownFileType = sourcecode.c.h; path = SBJsonStreamParser.h; sourceTree = "<group>"; };
		460F65ED133AE514001F7BF3 /* SBJsonStreamParser.m */ = {isa = PBXFileReference; fileEncoding = 4; lastKnownFileType = sourcecode.c.objc; path = SBJsonStreamParser.m; sourceTree = "<group>"; };
		460F65EE133AE514001F7BF3 /* SBJsonStreamParserAdapter.h */ = {isa = PBXFileReference; fileEncoding = 4; lastKnownFileType = sourcecode.c.h; path = SBJsonStreamParserAdapter.h; sourceTree = "<group>"; };
		460F65EF133AE514001F7BF3 /* SBJsonStreamParserAdapter.m */ = {isa = PBXFileReference; fileEncoding = 4; lastKnownFileType = sourcecode.c.objc; path = SBJsonStreamParserAdapter.m; sourceTree = "<group>"; };
		460F65F0133AE514001F7BF3 /* SBJsonStreamParserState.h */ = {isa = PBXFileReference; fileEncoding = 4; lastKnownFileType = sourcecode.c.h; path = SBJsonStreamParserState.h; sourceTree = "<group>"; };
		460F65F1133AE514001F7BF3 /* SBJsonStreamParserState.m */ = {isa = PBXFileReference; fileEncoding = 4; lastKnownFileType = sourcecode.c.objc; path = SBJsonStreamParserState.m; sourceTree = "<group>"; };
		460F65F2133AE514001F7BF3 /* SBJsonStreamWriter.h */ = {isa = PBXFileReference; fileEncoding = 4; lastKnownFileType = sourcecode.c.h; path = SBJsonStreamWriter.h; sourceTree = "<group>"; };
		460F65F3133AE514001F7BF3 /* SBJsonStreamWriter.m */ = {isa = PBXFileReference; fileEncoding = 4; lastKnownFileType = sourcecode.c.objc; path = SBJsonStreamWriter.m; sourceTree = "<group>"; };
		460F65F4133AE514001F7BF3 /* SBJsonStreamWriterState.h */ = {isa = PBXFileReference; fileEncoding = 4; lastKnownFileType = sourcecode.c.h; path = SBJsonStreamWriterState.h; sourceTree = "<group>"; };
		460F65F5133AE514001F7BF3 /* SBJsonStreamWriterState.m */ = {isa = PBXFileReference; fileEncoding = 4; lastKnownFileType = sourcecode.c.objc; path = SBJsonStreamWriterState.m; sourceTree = "<group>"; };
		460F65F6133AE514001F7BF3 /* SBJsonTokeniser.h */ = {isa = PBXFileReference; fileEncoding = 4; lastKnownFileType = sourcecode.c.h; path = SBJsonTokeniser.h; sourceTree = "<group>"; };
		460F65F7133AE514001F7BF3 /* SBJsonTokeniser.m */ = {isa = PBXFileReference; fileEncoding = 4; lastKnownFileType = sourcecode.c.objc; path = SBJsonTokeniser.m; sourceTree = "<group>"; };
		460F65F8133AE514001F7BF3 /* SBJsonWriter.h */ = {isa = PBXFileReference; fileEncoding = 4; lastKnownFileType = sourcecode.c.h; path = SBJsonWriter.h; sourceTree = "<group>"; };
		460F65F9133AE514001F7BF3 /* SBJsonWriter.m */ = {isa = PBXFileReference; fileEncoding = 4; lastKnownFileType = sourcecode.c.objc; path = SBJsonWriter.m; sourceTree = "<group>"; };
		4612C2CD13C46D4900F40230 /* TQTLoginRequest.h */ = {isa = PBXFileReference; fileEncoding = 4; lastKnownFileType = sourcecode.c.h; path = TQTLoginRequest.h; sourceTree = "<group>"; };
		4612C2CE13C46D4900F40230 /* TQTLoginRequest.m */ = {isa = PBXFileReference; fileEncoding = 4; lastKnownFileType = sourcecode.c.objc; path = TQTLoginRequest.m; sourceTree = "<group>"; };
		461B961713E8F3AF003EB493 /* SideSearch.png */ = {isa = PBXFileReference; lastKnownFileType = image.png; path = SideSearch.png; sourceTree = "<group>"; };
		461B961C13E91E08003EB493 /* TQTHeadImageCell.h */ = {isa = PBXFileReference; fileEncoding = 4; lastKnownFileType = sourcecode.c.h; path = TQTHeadImageCell.h; sourceTree = "<group>"; };
		461B961D13E91E08003EB493 /* TQTHeadImageCell.m */ = {isa = PBXFileReference; fileEncoding = 4; lastKnownFileType = sourcecode.c.objc; path = TQTHeadImageCell.m; sourceTree = "<group>"; };
		461B962213E94495003EB493 /* TQTWeiboDetailController.h */ = {isa = PBXFileReference; fileEncoding = 4; lastKnownFileType = sourcecode.c.h; path = TQTWeiboDetailController.h; sourceTree = "<group>"; };
		461B962313E94495003EB493 /* TQTWeiboDetailController.m */ = {isa = PBXFileReference; fileEncoding = 4; lastKnownFileType = sourcecode.c.objc; path = TQTWeiboDetailController.m; sourceTree = "<group>"; };
		461B962513E944ED003EB493 /* TQTWeiboWindowController.xib */ = {isa = PBXFileReference; fileEncoding = 4; lastKnownFileType = file.xib; path = TQTWeiboWindowController.xib; sourceTree = "<group>"; };
		46367A1313CA99B5007C0C69 /* TQTUserRequest.h */ = {isa = PBXFileReference; fileEncoding = 4; lastKnownFileType = sourcecode.c.h; path = TQTUserRequest.h; sourceTree = "<group>"; };
		46367A1413CA99B5007C0C69 /* TQTUserRequest.m */ = {isa = PBXFileReference; fileEncoding = 4; lastKnownFileType = sourcecode.c.objc; path = TQTUserRequest.m; sourceTree = "<group>"; };
		463E523B13E7FFD200BD8D45 /* refresh.png */ = {isa = PBXFileReference; lastKnownFileType = image.png; path = refresh.png; sourceTree = "<group>"; };
		46955D8F13CB02190016F079 /* TQTRootWindowController.xib */ = {isa = PBXFileReference; fileEncoding = 4; lastKnownFileType = file.xib; path = TQTRootWindowController.xib; sourceTree = "<group>"; };
		46955D9113CB02810016F079 /* TQTRootWindowController.h */ = {isa = PBXFileReference; fileEncoding = 4; lastKnownFileType = sourcecode.c.h; path = TQTRootWindowController.h; sourceTree = "<group>"; };
		46955D9213CB02820016F079 /* TQTRootWindowController.m */ = {isa = PBXFileReference; fileEncoding = 4; lastKnownFileType = sourcecode.c.objc; path = TQTRootWindowController.m; sourceTree = "<group>"; };
		46A0D7EC13D7D35100B5E0DA /* TQTPostWeiboWindow.xib */ = {isa = PBXFileReference; fileEncoding = 4; lastKnownFileType = file.xib; path = TQTPostWeiboWindow.xib; sourceTree = "<group>"; };
		46A0D7EE13D7D3CC00B5E0DA /* TQTPostWeiboWindowController.h */ = {isa = PBXFileReference; fileEncoding = 4; lastKnownFileType = sourcecode.c.h; name = TQTPostWeiboWindowController.h; path = TQT.xcodeproj/TQTPostWeiboWindowController.h; sourceTree = SOURCE_ROOT; };
		46A0D7EF13D7D3CC00B5E0DA /* TQTPostWeiboWindowController.m */ = {isa = PBXFileReference; fileEncoding = 4; lastKnownFileType = sourcecode.c.objc; name = TQTPostWeiboWindowController.m; path = TQT.xcodeproj/TQTPostWeiboWindowController.m; sourceTree = SOURCE_ROOT; };
		46A9D3C313E68514008E3FB3 /* headmask.png */ = {isa = PBXFileReference; lastKnownFileType = image.png; path = headmask.png; sourceTree = "<group>"; };
		46A9D3C413E68514008E3FB3 /* headmaskhi.png */ = {isa = PBXFileReference; lastKnownFileType = image.png; path = headmaskhi.png; sourceTree = "<group>"; };
		46C11B05133C9C0E00315B6C /* TQTWeiBo.h */ = {isa = PBXFileReference; fileEncoding = 4; lastKnownFileType = sourcecode.c.h; name = TQTWeiBo.h; path = TQT/TQTWeiBo.h; sourceTree = "<group>"; };
		46C11B06133C9C0E00315B6C /* TQTWeiBo.m */ = {isa = PBXFileReference; fileEncoding = 4; lastKnownFileType = sourcecode.c.objc; name = TQTWeiBo.m; path = TQT/TQTWeiBo.m; sourceTree = "<group>"; };
		46D3B190134EFB150045F492 /* TQTUser.h */ = {isa = PBXFileReference; fileEncoding = 4; lastKnownFileType = sourcecode.c.h; name = TQTUser.h; path = TQT/TQTUser.h; sourceTree = "<group>"; };
		46D3B191134EFB150045F492 /* TQTUser.m */ = {isa = PBXFileReference; fileEncoding = 4; lastKnownFileType = sourcecode.c.objc; name = TQTUser.m; path = TQT/TQTUser.m; sourceTree = "<group>"; };
		46D3B193134F0A2E0045F492 /* TQTApiUrl.h */ = {isa = PBXFileReference; fileEncoding = 4; lastKnownFileType = sourcecode.c.h; path = TQTApiUrl.h; sourceTree = "<group>"; };
		46DACB4313CD8208004EC2D4 /* TQTWeiBoTableViewController.h */ = {isa = PBXFileReference; fileEncoding = 4; lastKnownFileType = sourcecode.c.h; path = TQTWeiBoTableViewController.h; sourceTree = "<group>"; };
		46DACB4413CD8208004EC2D4 /* TQTWeiBoTableViewController.m */ = {isa = PBXFileReference; fileEncoding = 4; lastKnownFileType = sourcecode.c.objc; path = TQTWeiBoTableViewController.m; sourceTree = "<group>"; };
		46DACB4513CD8208004EC2D4 /* TQTWeiBoTableViewController.xib */ = {isa = PBXFileReference; fileEncoding = 4; lastKnownFileType = file.xib; path = TQTWeiBoTableViewController.xib; sourceTree = "<group>"; };
		46DACB4813CD8327004EC2D4 /* TQTWeiboCell.h */ = {isa = PBXFileReference; fileEncoding = 4; lastKnownFileType = sourcecode.c.h; path = TQTWeiboCell.h; sourceTree = "<group>"; };
		46DACB4913CD8327004EC2D4 /* TQTWeiboCell.m */ = {isa = PBXFileReference; fileEncoding = 4; lastKnownFileType = sourcecode.c.objc; path = TQTWeiboCell.m; sourceTree = "<group>"; };
		46DACB4B13CD843E004EC2D4 /* TQTWeiboCell.xib */ = {isa = PBXFileReference; fileEncoding = 4; lastKnownFileType = file.xib; path = TQTWeiboCell.xib; sourceTree = "<group>"; };
		46DACB4D13CD8701004EC2D4 /* TQTWeiboRequest.h */ = {isa = PBXFileReference; fileEncoding = 4; lastKnownFileType = sourcecode.c.h; path = TQTWeiboRequest.h; sourceTree = "<group>"; };
		46DACB4E13CD8701004EC2D4 /* TQTWeiboRequest.m */ = {isa = PBXFileReference; fileEncoding = 4; lastKnownFileType = sourcecode.c.objc; path = TQTWeiboRequest.m; sourceTree = "<group>"; };
		46DF1DF813E7A07800E9362D /* NSImage+TQTMask.h */ = {isa = PBXFileReference; fileEncoding = 4; lastKnownFileType = sourcecode.c.h; path = "NSImage+TQTMask.h"; sourceTree = "<group>"; };
		46DF1DF913E7A07800E9362D /* NSImage+TQTMask.m */ = {isa = PBXFileReference; fileEncoding = 4; lastKnownFileType = sourcecode.c.objc; path = "NSImage+TQTMask.m"; sourceTree = "<group>"; };
		46DF1DFB13E7A37C00E9362D /* SideTweets.png */ = {isa = PBXFileReference; lastKnownFileType = image.png; path = SideTweets.png; sourceTree = "<group>"; };
		46DF1DFD13E7A40300E9362D /* newStatus.png */ = {isa = PBXFileReference; lastKnownFileType = image.png; path = newStatus.png; sourceTree = "<group>"; };
		46F26FE813FA0CDC009CFB96 /* TQTSliderWindow.h */ = {isa = PBXFileReference; fileEncoding = 4; lastKnownFileType = sourcecode.c.h; path = TQTSliderWindow.h; sourceTree = "<group>"; };
		46F26FE913FA0CDD009CFB96 /* TQTSliderWindow.m */ = {isa = PBXFileReference; fileEncoding = 4; lastKnownFileType = sourcecode.c.objc; path = TQTSliderWindow.m; sourceTree = "<group>"; };
		46F6103C1339BD92005B2D29 /* TQT.app */ = {isa = PBXFileReference; explicitFileType = wrapper.application; includeInIndex = 0; path = TQT.app; sourceTree = BUILT_PRODUCTS_DIR; };
		46F610401339BD92005B2D29 /* Cocoa.framework */ = {isa = PBXFileReference; lastKnownFileType = wrapper.framework; name = Cocoa.framework; path = System/Library/Frameworks/Cocoa.framework; sourceTree = SDKROOT; };
		46F610431339BD92005B2D29 /* AppKit.framework */ = {isa = PBXFileReference; lastKnownFileType = wrapper.framework; name = AppKit.framework; path = System/Library/Frameworks/AppKit.framework; sourceTree = SDKROOT; };
		46F610441339BD92005B2D29 /* CoreData.framework */ = {isa = PBXFileReference; lastKnownFileType = wrapper.framework; name = CoreData.framework; path = System/Library/Frameworks/CoreData.framework; sourceTree = SDKROOT; };
		46F610451339BD92005B2D29 /* Foundation.framework */ = {isa = PBXFileReference; lastKnownFileType = wrapper.framework; name = Foundation.framework; path = System/Library/Frameworks/Foundation.framework; sourceTree = SDKROOT; };
		46F610481339BD92005B2D29 /* TQT-Info.plist */ = {isa = PBXFileReference; lastKnownFileType = text.plist.xml; path = "TQT-Info.plist"; sourceTree = "<group>"; };
		46F6104A1339BD92005B2D29 /* en */ = {isa = PBXFileReference; lastKnownFileType = text.plist.strings; name = en; path = en.lproj/InfoPlist.strings; sourceTree = "<group>"; };
		46F6104C1339BD92005B2D29 /* TQT-Prefix.pch */ = {isa = PBXFileReference; lastKnownFileType = sourcecode.c.h; path = "TQT-Prefix.pch"; sourceTree = "<group>"; };
		46F6104D1339BD92005B2D29 /* main.m */ = {isa = PBXFileReference; lastKnownFileType = sourcecode.c.objc; path = main.m; sourceTree = "<group>"; };
		46F610501339BD92005B2D29 /* en */ = {isa = PBXFileReference; lastKnownFileType = text.rtf; name = en; path = en.lproj/Credits.rtf; sourceTree = "<group>"; };
		46F610521339BD92005B2D29 /* TQTAppDelegate.h */ = {isa = PBXFileReference; lastKnownFileType = sourcecode.c.h; path = TQTAppDelegate.h; sourceTree = "<group>"; };
		46F610531339BD92005B2D29 /* TQTAppDelegate.m */ = {isa = PBXFileReference; lastKnownFileType = sourcecode.c.objc; path = TQTAppDelegate.m; sourceTree = "<group>"; };
		46F610561339BD93005B2D29 /* en */ = {isa = PBXFileReference; lastKnownFileType = file.xib; name = en; path = en.lproj/MainMenu.xib; sourceTree = "<group>"; };
		46F610D71339BE5B005B2D29 /* QOauth.h */ = {isa = PBXFileReference; fileEncoding = 4; lastKnownFileType = sourcecode.c.h; path = QOauth.h; sourceTree = "<group>"; };
		46F610D81339BE5B005B2D29 /* QOauth.m */ = {isa = PBXFileReference; fileEncoding = 4; lastKnownFileType = sourcecode.c.objc; path = QOauth.m; sourceTree = "<group>"; };
		46F610D91339BE5B005B2D29 /* QOauthKey.h */ = {isa = PBXFileReference; fileEncoding = 4; lastKnownFileType = sourcecode.c.h; path = QOauthKey.h; sourceTree = "<group>"; };
		46F610DA1339BE5B005B2D29 /* QOauthKey.m */ = {isa = PBXFileReference; fileEncoding = 4; lastKnownFileType = sourcecode.c.objc; path = QOauthKey.m; sourceTree = "<group>"; };
		46F610DD1339BE77005B2D29 /* NSData+QBase64.h */ = {isa = PBXFileReference; fileEncoding = 4; lastKnownFileType = sourcecode.c.h; path = "NSData+QBase64.h"; sourceTree = "<group>"; };
		46F610DE1339BE77005B2D29 /* NSData+QBase64.m */ = {isa = PBXFileReference; fileEncoding = 4; lastKnownFileType = sourcecode.c.objc; path = "NSData+QBase64.m"; sourceTree = "<group>"; };
		46F610DF1339BE77005B2D29 /* NSString+QEncoding.h */ = {isa = PBXFileReference; fileEncoding = 4; lastKnownFileType = sourcecode.c.h; path = "NSString+QEncoding.h"; sourceTree = "<group>"; };
		46F610E01339BE77005B2D29 /* NSString+QEncoding.m */ = {isa = PBXFileReference; fileEncoding = 4; lastKnownFileType = sourcecode.c.objc; path = "NSString+QEncoding.m"; sourceTree = "<group>"; };
		46F610E11339BE77005B2D29 /* NSURL+QAdditions.h */ = {isa = PBXFileReference; fileEncoding = 4; lastKnownFileType = sourcecode.c.h; path = "NSURL+QAdditions.h"; sourceTree = "<group>"; };
		46F610E21339BE77005B2D29 /* NSURL+QAdditions.m */ = {isa = PBXFileReference; fileEncoding = 4; lastKnownFileType = sourcecode.c.objc; path = "NSURL+QAdditions.m"; sourceTree = "<group>"; };
		46F610E61339BE82005B2D29 /* QAsyncHttp.h */ = {isa = PBXFileReference; fileEncoding = 4; lastKnownFileType = sourcecode.c.h; path = QAsyncHttp.h; sourceTree = "<group>"; };
		46F610E71339BE82005B2D29 /* QAsyncHttp.m */ = {isa = PBXFileReference; fileEncoding = 4; lastKnownFileType = sourcecode.c.objc; path = QAsyncHttp.m; sourceTree = "<group>"; };
		46F610E81339BE82005B2D29 /* QMutableURLRequest.h */ = {isa = PBXFileReference; fileEncoding = 4; lastKnownFileType = sourcecode.c.h; path = QMutableURLRequest.h; sourceTree = "<group>"; };
		46F610E91339BE82005B2D29 /* QMutableURLRequest.m */ = {isa = PBXFileReference; fileEncoding = 4; lastKnownFileType = sourcecode.c.objc; path = QMutableURLRequest.m; sourceTree = "<group>"; };
		46F610EA1339BE82005B2D29 /* QSyncHttp.h */ = {isa = PBXFileReference; fileEncoding = 4; lastKnownFileType = sourcecode.c.h; path = QSyncHttp.h; sourceTree = "<group>"; };
		46F610EB1339BE82005B2D29 /* QSyncHttp.m */ = {isa = PBXFileReference; fileEncoding = 4; lastKnownFileType = sourcecode.c.objc; path = QSyncHttp.m; sourceTree = "<group>"; };
		46F610EC1339BE82005B2D29 /* QWeiboRequest.h */ = {isa = PBXFileReference; fileEncoding = 4; lastKnownFileType = sourcecode.c.h; path = QWeiboRequest.h; sourceTree = "<group>"; };
		46F610ED1339BE82005B2D29 /* QWeiboRequest.m */ = {isa = PBXFileReference; fileEncoding = 4; lastKnownFileType = sourcecode.c.objc; path = QWeiboRequest.m; sourceTree = "<group>"; };
		46F610F21339D297005B2D29 /* WebKit.framework */ = {isa = PBXFileReference; lastKnownFileType = wrapper.framework; name = WebKit.framework; path = System/Library/Frameworks/WebKit.framework; sourceTree = SDKROOT; };
/* End PBXFileReference section */

/* Begin PBXFrameworksBuildPhase section */
		46F610391339BD92005B2D29 /* Frameworks */ = {
			isa = PBXFrameworksBuildPhase;
			buildActionMask = 2147483647;
			files = (
				46F610F31339D297005B2D29 /* WebKit.framework in Frameworks */,
				46F610411339BD92005B2D29 /* Cocoa.framework in Frameworks */,
			);
			runOnlyForDeploymentPostprocessing = 0;
		};
/* End PBXFrameworksBuildPhase section */

/* Begin PBXGroup section */
		460F65E6133AE514001F7BF3 /* Json */ = {
			isa = PBXGroup;
			children = (
				460F65E7133AE514001F7BF3 /* JSON.h */,
				460F65E8133AE514001F7BF3 /* NSObject+JSON.h */,
				460F65E9133AE514001F7BF3 /* NSObject+JSON.m */,
				460F65EA133AE514001F7BF3 /* SBJsonParser.h */,
				460F65EB133AE514001F7BF3 /* SBJsonParser.m */,
				460F65EC133AE514001F7BF3 /* SBJsonStreamParser.h */,
				460F65ED133AE514001F7BF3 /* SBJsonStreamParser.m */,
				460F65EE133AE514001F7BF3 /* SBJsonStreamParserAdapter.h */,
				460F65EF133AE514001F7BF3 /* SBJsonStreamParserAdapter.m */,
				460F65F0133AE514001F7BF3 /* SBJsonStreamParserState.h */,
				460F65F1133AE514001F7BF3 /* SBJsonStreamParserState.m */,
				460F65F2133AE514001F7BF3 /* SBJsonStreamWriter.h */,
				460F65F3133AE514001F7BF3 /* SBJsonStreamWriter.m */,
				460F65F4133AE514001F7BF3 /* SBJsonStreamWriterState.h */,
				460F65F5133AE514001F7BF3 /* SBJsonStreamWriterState.m */,
				460F65F6133AE514001F7BF3 /* SBJsonTokeniser.h */,
				460F65F7133AE514001F7BF3 /* SBJsonTokeniser.m */,
				460F65F8133AE514001F7BF3 /* SBJsonWriter.h */,
				460F65F9133AE514001F7BF3 /* SBJsonWriter.m */,
			);
			path = Json;
			sourceTree = "<group>";
		};
		4612C2CC13C46D0500F40230 /* Request */ = {
			isa = PBXGroup;
			children = (
				4612C2CD13C46D4900F40230 /* TQTLoginRequest.h */,
				4612C2CE13C46D4900F40230 /* TQTLoginRequest.m */,
				46367A1313CA99B5007C0C69 /* TQTUserRequest.h */,
				46367A1413CA99B5007C0C69 /* TQTUserRequest.m */,
				46DACB4D13CD8701004EC2D4 /* TQTWeiboRequest.h */,
				46DACB4E13CD8701004EC2D4 /* TQTWeiboRequest.m */,
			);
			name = Request;
			sourceTree = "<group>";
		};
		46DF1DF713E7A03000E9362D /* Catogry */ = {
			isa = PBXGroup;
			children = (
				46DF1DF813E7A07800E9362D /* NSImage+TQTMask.h */,
				46DF1DF913E7A07800E9362D /* NSImage+TQTMask.m */,
			);
			name = Catogry;
			sourceTree = "<group>";
		};
		46DF2A1C13C2D7F500EA8736 /* Model */ = {
			isa = PBXGroup;
			children = (
				46D3B190134EFB150045F492 /* TQTUser.h */,
				46D3B191134EFB150045F492 /* TQTUser.m */,
				46C11B05133C9C0E00315B6C /* TQTWeiBo.h */,
				46C11B06133C9C0E00315B6C /* TQTWeiBo.m */,
			);
			name = Model;
			sourceTree = "<group>";
		};
		46F610311339BD92005B2D29 = {
			isa = PBXGroup;
			children = (
				46DF1DF713E7A03000E9362D /* Catogry */,
				4612C2CC13C46D0500F40230 /* Request */,
				46DF2A1C13C2D7F500EA8736 /* Model */,
				460F65E6133AE514001F7BF3 /* Json */,
				46F610D61339BE25005B2D29 /* Oauth */,
				46F610461339BD92005B2D29 /* TQT */,
				46F6103F1339BD92005B2D29 /* Frameworks */,
				46F6103D1339BD92005B2D29 /* Products */,
			);
			sourceTree = "<group>";
		};
		46F6103D1339BD92005B2D29 /* Products */ = {
			isa = PBXGroup;
			children = (
				46F6103C1339BD92005B2D29 /* TQT.app */,
			);
			name = Products;
			sourceTree = "<group>";
		};
		46F6103F1339BD92005B2D29 /* Frameworks */ = {
			isa = PBXGroup;
			children = (
				46F610F21339D297005B2D29 /* WebKit.framework */,
				46F610401339BD92005B2D29 /* Cocoa.framework */,
				46F610421339BD92005B2D29 /* Other Frameworks */,
			);
			name = Frameworks;
			sourceTree = "<group>";
		};
		46F610421339BD92005B2D29 /* Other Frameworks */ = {
			isa = PBXGroup;
			children = (
				46F610431339BD92005B2D29 /* AppKit.framework */,
				46F610441339BD92005B2D29 /* CoreData.framework */,
				46F610451339BD92005B2D29 /* Foundation.framework */,
			);
			name = "Other Frameworks";
			sourceTree = "<group>";
		};
		46F610461339BD92005B2D29 /* TQT */ = {
			isa = PBXGroup;
			children = (
				46A0D7EC13D7D35100B5E0DA /* TQTPostWeiboWindow.xib */,
				46A0D7EE13D7D3CC00B5E0DA /* TQTPostWeiboWindowController.h */,
				46A0D7EF13D7D3CC00B5E0DA /* TQTPostWeiboWindowController.m */,
				46DACB4813CD8327004EC2D4 /* TQTWeiboCell.h */,
				46DACB4913CD8327004EC2D4 /* TQTWeiboCell.m */,
				46D3B193134F0A2E0045F492 /* TQTApiUrl.h */,
				46F610521339BD92005B2D29 /* TQTAppDelegate.h */,
				46F610531339BD92005B2D29 /* TQTAppDelegate.m */,
				46F610551339BD93005B2D29 /* MainMenu.xib */,
				46955D8F13CB02190016F079 /* TQTRootWindowController.xib */,
				46DACB4B13CD843E004EC2D4 /* TQTWeiboCell.xib */,
				46DACB4313CD8208004EC2D4 /* TQTWeiBoTableViewController.h */,
				46DACB4413CD8208004EC2D4 /* TQTWeiBoTableViewController.m */,
				46DACB4513CD8208004EC2D4 /* TQTWeiBoTableViewController.xib */,
				46955D9113CB02810016F079 /* TQTRootWindowController.h */,
				46955D9213CB02820016F079 /* TQTRootWindowController.m */,
				46F610471339BD92005B2D29 /* Supporting Files */,
				461B961C13E91E08003EB493 /* TQTHeadImageCell.h */,
				461B961D13E91E08003EB493 /* TQTHeadImageCell.m */,
				461B962213E94495003EB493 /* TQTWeiboDetailController.h */,
				461B962313E94495003EB493 /* TQTWeiboDetailController.m */,
				461B962513E944ED003EB493 /* TQTWeiboWindowController.xib */,
				46F26FE813FA0CDC009CFB96 /* TQTSliderWindow.h */,
				46F26FE913FA0CDD009CFB96 /* TQTSliderWindow.m */,
			);
			path = TQT;
			sourceTree = "<group>";
		};
		46F610471339BD92005B2D29 /* Supporting Files */ = {
			isa = PBXGroup;
			children = (
				461B961713E8F3AF003EB493 /* SideSearch.png */,
				463E523B13E7FFD200BD8D45 /* refresh.png */,
				46DF1DFD13E7A40300E9362D /* newStatus.png */,
				46DF1DFB13E7A37C00E9362D /* SideTweets.png */,
				46A9D3C313E68514008E3FB3 /* headmask.png */,
				46A9D3C413E68514008E3FB3 /* headmaskhi.png */,
				46F610481339BD92005B2D29 /* TQT-Info.plist */,
				46F610491339BD92005B2D29 /* InfoPlist.strings */,
				46F6104C1339BD92005B2D29 /* TQT-Prefix.pch */,
				46F6104D1339BD92005B2D29 /* main.m */,
				46F6104F1339BD92005B2D29 /* Credits.rtf */,
			);
			name = "Supporting Files";
			sourceTree = "<group>";
		};
		46F610D61339BE25005B2D29 /* Oauth */ = {
			isa = PBXGroup;
			children = (
				46F610E61339BE82005B2D29 /* QAsyncHttp.h */,
				46F610E71339BE82005B2D29 /* QAsyncHttp.m */,
				46F610E81339BE82005B2D29 /* QMutableURLRequest.h */,
				46F610E91339BE82005B2D29 /* QMutableURLRequest.m */,
				46F610EA1339BE82005B2D29 /* QSyncHttp.h */,
				46F610EB1339BE82005B2D29 /* QSyncHttp.m */,
				46F610EC1339BE82005B2D29 /* QWeiboRequest.h */,
				46F610ED1339BE82005B2D29 /* QWeiboRequest.m */,
				46F610DD1339BE77005B2D29 /* NSData+QBase64.h */,
				46F610DE1339BE77005B2D29 /* NSData+QBase64.m */,
				46F610DF1339BE77005B2D29 /* NSString+QEncoding.h */,
				46F610E01339BE77005B2D29 /* NSString+QEncoding.m */,
				46F610E11339BE77005B2D29 /* NSURL+QAdditions.h */,
				46F610E21339BE77005B2D29 /* NSURL+QAdditions.m */,
				46F610D71339BE5B005B2D29 /* QOauth.h */,
				46F610D81339BE5B005B2D29 /* QOauth.m */,
				46F610D91339BE5B005B2D29 /* QOauthKey.h */,
				46F610DA1339BE5B005B2D29 /* QOauthKey.m */,
			);
			name = Oauth;
			sourceTree = "<group>";
		};
/* End PBXGroup section */

/* Begin PBXNativeTarget section */
		46F6103B1339BD92005B2D29 /* TQT */ = {
			isa = PBXNativeTarget;
			buildConfigurationList = 46F6105A1339BD93005B2D29 /* Build configuration list for PBXNativeTarget "TQT" */;
			buildPhases = (
				46F610381339BD92005B2D29 /* Sources */,
				46F610391339BD92005B2D29 /* Frameworks */,
				46F6103A1339BD92005B2D29 /* Resources */,
			);
			buildRules = (
			);
			dependencies = (
			);
			name = TQT;
			productName = TQT;
			productReference = 46F6103C1339BD92005B2D29 /* TQT.app */;
			productType = "com.apple.product-type.application";
		};
/* End PBXNativeTarget section */

/* Begin PBXProject section */
		46F610331339BD92005B2D29 /* Project object */ = {
			isa = PBXProject;
			buildConfigurationList = 46F610361339BD92005B2D29 /* Build configuration list for PBXProject "TQT" */;
			compatibilityVersion = "Xcode 3.2";
			developmentRegion = English;
			hasScannedForEncodings = 0;
			knownRegions = (
				en,
			);
			mainGroup = 46F610311339BD92005B2D29;
			productRefGroup = 46F6103D1339BD92005B2D29 /* Products */;
			projectDirPath = "";
			projectRoot = "";
			targets = (
				46F6103B1339BD92005B2D29 /* TQT */,
			);
		};
/* End PBXProject section */

/* Begin PBXResourcesBuildPhase section */
		46F6103A1339BD92005B2D29 /* Resources */ = {
			isa = PBXResourcesBuildPhase;
			buildActionMask = 2147483647;
			files = (
				46F6104B1339BD92005B2D29 /* InfoPlist.strings in Resources */,
				46F610511339BD92005B2D29 /* Credits.rtf in Resources */,
				46F610571339BD93005B2D29 /* MainMenu.xib in Resources */,
				46955D9013CB02190016F079 /* TQTRootWindowController.xib in Resources */,
				46DACB4713CD8208004EC2D4 /* TQTWeiBoTableViewController.xib in Resources */,
				46DACB4C13CD843E004EC2D4 /* TQTWeiboCell.xib in Resources */,
				46A0D7ED13D7D35200B5E0DA /* TQTPostWeiboWindow.xib in Resources */,
				46A9D3C513E68514008E3FB3 /* headmask.png in Resources */,
				46A9D3C613E68514008E3FB3 /* headmaskhi.png in Resources */,
				46DF1DFC13E7A37C00E9362D /* SideTweets.png in Resources */,
				46DF1DFE13E7A40300E9362D /* newStatus.png in Resources */,
				463E523C13E7FFD200BD8D45 /* refresh.png in Resources */,
				461B961813E8F3AF003EB493 /* SideSearch.png in Resources */,
				461B962613E944ED003EB493 /* TQTWeiboWindowController.xib in Resources */,
			);
			runOnlyForDeploymentPostprocessing = 0;
		};
/* End PBXResourcesBuildPhase section */

/* Begin PBXSourcesBuildPhase section */
		46F610381339BD92005B2D29 /* Sources */ = {
			isa = PBXSourcesBuildPhase;
			buildActionMask = 2147483647;
			files = (
				46F6104E1339BD92005B2D29 /* main.m in Sources */,
				46F610541339BD92005B2D29 /* TQTAppDelegate.m in Sources */,
				46F610DB1339BE5B005B2D29 /* QOauth.m in Sources */,
				46F610DC1339BE5B005B2D29 /* QOauthKey.m in Sources */,
				46F610E31339BE77005B2D29 /* NSData+QBase64.m in Sources */,
				46F610E41339BE77005B2D29 /* NSString+QEncoding.m in Sources */,
				46F610E51339BE77005B2D29 /* NSURL+QAdditions.m in Sources */,
				46F610EE1339BE82005B2D29 /* QAsyncHttp.m in Sources */,
				46F610EF1339BE82005B2D29 /* QMutableURLRequest.m in Sources */,
				46F610F01339BE82005B2D29 /* QSyncHttp.m in Sources */,
				46F610F11339BE82005B2D29 /* QWeiboRequest.m in Sources */,
				460F65FA133AE515001F7BF3 /* NSObject+JSON.m in Sources */,
				460F65FB133AE515001F7BF3 /* SBJsonParser.m in Sources */,
				460F65FC133AE515001F7BF3 /* SBJsonStreamParser.m in Sources */,
				460F65FD133AE515001F7BF3 /* SBJsonStreamParserAdapter.m in Sources */,
				460F65FE133AE515001F7BF3 /* SBJsonStreamParserState.m in Sources */,
				460F65FF133AE515001F7BF3 /* SBJsonStreamWriter.m in Sources */,
				460F6600133AE515001F7BF3 /* SBJsonStreamWriterState.m in Sources */,
				460F6601133AE515001F7BF3 /* SBJsonTokeniser.m in Sources */,
				460F6602133AE515001F7BF3 /* SBJsonWriter.m in Sources */,
				46C11B07133C9C0E00315B6C /* TQTWeiBo.m in Sources */,
				46D3B192134EFB150045F492 /* TQTUser.m in Sources */,
				4612C2CF13C46D4900F40230 /* TQTLoginRequest.m in Sources */,
				46367A1513CA99B5007C0C69 /* TQTUserRequest.m in Sources */,
				46955D9313CB02820016F079 /* TQTRootWindowController.m in Sources */,
				46DACB4613CD8208004EC2D4 /* TQTWeiBoTableViewController.m in Sources */,
				46DACB4A13CD8327004EC2D4 /* TQTWeiboCell.m in Sources */,
				46DACB4F13CD8701004EC2D4 /* TQTWeiboRequest.m in Sources */,
				46A0D7F013D7D3CC00B5E0DA /* TQTPostWeiboWindowController.m in Sources */,
				46DF1DFA13E7A07800E9362D /* NSImage+TQTMask.m in Sources */,
				461B961E13E91E08003EB493 /* TQTHeadImageCell.m in Sources */,
				461B962413E94495003EB493 /* TQTWeiboDetailController.m in Sources */,
				46F26FEA13FA0CDD009CFB96 /* TQTSliderWindow.m in Sources */,
			);
			runOnlyForDeploymentPostprocessing = 0;
		};
/* End PBXSourcesBuildPhase section */

/* Begin PBXVariantGroup section */
		46F610491339BD92005B2D29 /* InfoPlist.strings */ = {
			isa = PBXVariantGroup;
			children = (
				46F6104A1339BD92005B2D29 /* en */,
			);
			name = InfoPlist.strings;
			sourceTree = "<group>";
		};
		46F6104F1339BD92005B2D29 /* Credits.rtf */ = {
			isa = PBXVariantGroup;
			children = (
				46F610501339BD92005B2D29 /* en */,
			);
			name = Credits.rtf;
			sourceTree = "<group>";
		};
		46F610551339BD93005B2D29 /* MainMenu.xib */ = {
			isa = PBXVariantGroup;
			children = (
				46F610561339BD93005B2D29 /* en */,
			);
			name = MainMenu.xib;
			sourceTree = "<group>";
		};
/* End PBXVariantGroup section */

/* Begin XCBuildConfiguration section */
		46F610581339BD93005B2D29 /* Debug */ = {
			isa = XCBuildConfiguration;
			buildSettings = {
				ARCHS = "$(ARCHS_STANDARD_32_64_BIT)";
				GCC_C_LANGUAGE_STANDARD = gnu99;
				GCC_OPTIMIZATION_LEVEL = 0;
				GCC_PREPROCESSOR_DEFINITIONS = DEBUG;
				GCC_SYMBOLS_PRIVATE_EXTERN = NO;
				GCC_VERSION = com.apple.compilers.llvm.clang.1_0;
				GCC_WARN_64_TO_32_BIT_CONVERSION = YES;
				GCC_WARN_ABOUT_RETURN_TYPE = YES;
				GCC_WARN_UNUSED_VARIABLE = YES;
				MACOSX_DEPLOYMENT_TARGET = 10.6;
				ONLY_ACTIVE_ARCH = YES;
				SDKROOT = macosx;
			};
			name = Debug;
		};
		46F610591339BD93005B2D29 /* Release */ = {
			isa = XCBuildConfiguration;
			buildSettings = {
				ARCHS = "$(ARCHS_STANDARD_32_64_BIT)";
				GCC_C_LANGUAGE_STANDARD = gnu99;
				GCC_VERSION = com.apple.compilers.llvm.clang.1_0;
				GCC_WARN_64_TO_32_BIT_CONVERSION = YES;
				GCC_WARN_ABOUT_RETURN_TYPE = YES;
				GCC_WARN_UNUSED_VARIABLE = YES;
				MACOSX_DEPLOYMENT_TARGET = 10.6;
				SDKROOT = macosx;
			};
			name = Release;
		};
		46F6105B1339BD93005B2D29 /* Debug */ = {
			isa = XCBuildConfiguration;
			buildSettings = {
				ALWAYS_SEARCH_USER_PATHS = NO;
				COPY_PHASE_STRIP = NO;
				GCC_DYNAMIC_NO_PIC = NO;
				GCC_ENABLE_OBJC_EXCEPTIONS = YES;
				GCC_PRECOMPILE_PREFIX_HEADER = YES;
				GCC_PREFIX_HEADER = "TQT/TQT-Prefix.pch";
				INFOPLIST_FILE = "TQT/TQT-Info.plist";
				LIBRARY_SEARCH_PATHS = "$(inherited)";
				PRODUCT_NAME = "$(TARGET_NAME)";
				WRAPPER_EXTENSION = app;
			};
			name = Debug;
		};
		46F6105C1339BD93005B2D29 /* Release */ = {
			isa = XCBuildConfiguration;
			buildSettings = {
				ALWAYS_SEARCH_USER_PATHS = NO;
				COPY_PHASE_STRIP = YES;
				DEBUG_INFORMATION_FORMAT = "dwarf-with-dsym";
				GCC_ENABLE_OBJC_EXCEPTIONS = YES;
				GCC_PRECOMPILE_PREFIX_HEADER = YES;
				GCC_PREFIX_HEADER = "TQT/TQT-Prefix.pch";
				INFOPLIST_FILE = "TQT/TQT-Info.plist";
				LIBRARY_SEARCH_PATHS = "$(inherited)";
				PRODUCT_NAME = "$(TARGET_NAME)";
				WRAPPER_EXTENSION = app;
			};
			name = Release;
		};
/* End XCBuildConfiguration section */

/* Begin XCConfigurationList section */
		46F610361339BD92005B2D29 /* Build configuration list for PBXProject "TQT" */ = {
			isa = XCConfigurationList;
			buildConfigurations = (
				46F610581339BD93005B2D29 /* Debug */,
				46F610591339BD93005B2D29 /* Release */,
			);
			defaultConfigurationIsVisible = 0;
			defaultConfigurationName = Release;
		};
		46F6105A1339BD93005B2D29 /* Build configuration list for PBXNativeTarget "TQT" */ = {
			isa = XCConfigurationList;
			buildConfigurations = (
				46F6105B1339BD93005B2D29 /* Debug */,
				46F6105C1339BD93005B2D29 /* Release */,
			);
			defaultConfigurationIsVisible = 0;
			defaultConfigurationName = Release;
		};
/* End XCConfigurationList section */
	};
	rootObject = 46F610331339BD92005B2D29 /* Project object */;
}
